// !$*UTF8*$!
{
	archiveVersion = 1;
	classes = {
	};
	objectVersion = 55;
	objects = {

/* Begin PBXBuildFile section */
		35AAA02C28C76161002A8E4A /* AppDelegate.swift in Sources */ = {isa = PBXBuildFile; fileRef = 35AAA02B28C76161002A8E4A /* AppDelegate.swift */; };
		35AAA02E28C76161002A8E4A /* SceneDelegate.swift in Sources */ = {isa = PBXBuildFile; fileRef = 35AAA02D28C76161002A8E4A /* SceneDelegate.swift */; };
		35AAA03028C76161002A8E4A /* ViewController.swift in Sources */ = {isa = PBXBuildFile; fileRef = 35AAA02F28C76161002A8E4A /* ViewController.swift */; };
		35AAA03628C76161002A8E4A /* MagicTaskManager.xcdatamodeld in Sources */ = {isa = PBXBuildFile; fileRef = 35AAA03428C76161002A8E4A /* MagicTaskManager.xcdatamodeld */; };
		35AAA03828C76162002A8E4A /* Assets.xcassets in Resources */ = {isa = PBXBuildFile; fileRef = 35AAA03728C76162002A8E4A /* Assets.xcassets */; };
		35AAA03B28C76162002A8E4A /* LaunchScreen.storyboard in Resources */ = {isa = PBXBuildFile; fileRef = 35AAA03928C76162002A8E4A /* LaunchScreen.storyboard */; };
		35AAA04A28C76937002A8E4A /* Montserrat-Bold.ttf in Resources */ = {isa = PBXBuildFile; fileRef = 35AAA04428C76937002A8E4A /* Montserrat-Bold.ttf */; };
		35AAA04B28C76937002A8E4A /* Montserrat-Medium.ttf in Resources */ = {isa = PBXBuildFile; fileRef = 35AAA04528C76937002A8E4A /* Montserrat-Medium.ttf */; };
		35AAA04C28C76937002A8E4A /* Montserrat-Regular.ttf in Resources */ = {isa = PBXBuildFile; fileRef = 35AAA04628C76937002A8E4A /* Montserrat-Regular.ttf */; };
		35AAA04D28C76937002A8E4A /* Montserrat-ExtraBold.ttf in Resources */ = {isa = PBXBuildFile; fileRef = 35AAA04728C76937002A8E4A /* Montserrat-ExtraBold.ttf */; };
		35AAA04E28C76937002A8E4A /* Montserrat-SemiBold.ttf in Resources */ = {isa = PBXBuildFile; fileRef = 35AAA04828C76937002A8E4A /* Montserrat-SemiBold.ttf */; };
		35AAA04F28C76937002A8E4A /* Montserrat-Light.ttf in Resources */ = {isa = PBXBuildFile; fileRef = 35AAA04928C76937002A8E4A /* Montserrat-Light.ttf */; };
		35AAA05128C76D59002A8E4A /* MainTabBarController.swift in Sources */ = {isa = PBXBuildFile; fileRef = 35AAA05028C76D59002A8E4A /* MainTabBarController.swift */; };
		35AAA05328C76E4E002A8E4A /* NotesTableViewController.swift in Sources */ = {isa = PBXBuildFile; fileRef = 35AAA05228C76E4E002A8E4A /* NotesTableViewController.swift */; };
		35AAA05528C76E64002A8E4A /* TodoViewController.swift in Sources */ = {isa = PBXBuildFile; fileRef = 35AAA05428C76E64002A8E4A /* TodoViewController.swift */; };
		35AAA05728C76E89002A8E4A /* PersonSettingSwiftUIView.swift in Sources */ = {isa = PBXBuildFile; fileRef = 35AAA05628C76E89002A8E4A /* PersonSettingSwiftUIView.swift */; };
/* End PBXBuildFile section */

/* Begin PBXFileReference section */
		35AAA02828C76161002A8E4A /* MagicTaskManager.app */ = {isa = PBXFileReference; explicitFileType = wrapper.application; includeInIndex = 0; path = MagicTaskManager.app; sourceTree = BUILT_PRODUCTS_DIR; };
		35AAA02B28C76161002A8E4A /* AppDelegate.swift */ = {isa = PBXFileReference; lastKnownFileType = sourcecode.swift; path = AppDelegate.swift; sourceTree = "<group>"; };
		35AAA02D28C76161002A8E4A /* SceneDelegate.swift */ = {isa = PBXFileReference; lastKnownFileType = sourcecode.swift; path = SceneDelegate.swift; sourceTree = "<group>"; };
		35AAA02F28C76161002A8E4A /* ViewController.swift */ = {isa = PBXFileReference; lastKnownFileType = sourcecode.swift; path = ViewController.swift; sourceTree = "<group>"; };
		35AAA03528C76161002A8E4A /* MagicTaskManager.xcdatamodel */ = {isa = PBXFileReference; lastKnownFileType = wrapper.xcdatamodel; path = MagicTaskManager.xcdatamodel; sourceTree = "<group>"; };
		35AAA03728C76162002A8E4A /* Assets.xcassets */ = {isa = PBXFileReference; lastKnownFileType = folder.assetcatalog; path = Assets.xcassets; sourceTree = "<group>"; };
		35AAA03A28C76162002A8E4A /* Base */ = {isa = PBXFileReference; lastKnownFileType = file.storyboard; name = Base; path = Base.lproj/LaunchScreen.storyboard; sourceTree = "<group>"; };
		35AAA03C28C76162002A8E4A /* Info.plist */ = {isa = PBXFileReference; lastKnownFileType = text.plist.xml; path = Info.plist; sourceTree = "<group>"; };
		35AAA04428C76937002A8E4A /* Montserrat-Bold.ttf */ = {isa = PBXFileReference; lastKnownFileType = file; path = "Montserrat-Bold.ttf"; sourceTree = "<group>"; };
		35AAA04528C76937002A8E4A /* Montserrat-Medium.ttf */ = {isa = PBXFileReference; lastKnownFileType = file; path = "Montserrat-Medium.ttf"; sourceTree = "<group>"; };
		35AAA04628C76937002A8E4A /* Montserrat-Regular.ttf */ = {isa = PBXFileReference; lastKnownFileType = file; path = "Montserrat-Regular.ttf"; sourceTree = "<group>"; };
		35AAA04728C76937002A8E4A /* Montserrat-ExtraBold.ttf */ = {isa = PBXFileReference; lastKnownFileType = file; path = "Montserrat-ExtraBold.ttf"; sourceTree = "<group>"; };
		35AAA04828C76937002A8E4A /* Montserrat-SemiBold.ttf */ = {isa = PBXFileReference; lastKnownFileType = file; path = "Montserrat-SemiBold.ttf"; sourceTree = "<group>"; };
		35AAA04928C76937002A8E4A /* Montserrat-Light.ttf */ = {isa = PBXFileReference; lastKnownFileType = file; path = "Montserrat-Light.ttf"; sourceTree = "<group>"; };
		35AAA05028C76D59002A8E4A /* MainTabBarController.swift */ = {isa = PBXFileReference; lastKnownFileType = sourcecode.swift; path = MainTabBarController.swift; sourceTree = "<group>"; };
		35AAA05228C76E4E002A8E4A /* NotesTableViewController.swift */ = {isa = PBXFileReference; lastKnownFileType = sourcecode.swift; path = NotesTableViewController.swift; sourceTree = "<group>"; };
		35AAA05428C76E64002A8E4A /* TodoViewController.swift */ = {isa = PBXFileReference; lastKnownFileType = sourcecode.swift; path = TodoViewController.swift; sourceTree = "<group>"; };
		35AAA05628C76E89002A8E4A /* PersonSettingSwiftUIView.swift */ = {isa = PBXFileReference; lastKnownFileType = sourcecode.swift; path = PersonSettingSwiftUIView.swift; sourceTree = "<group>"; };
/* End PBXFileReference section */

/* Begin PBXFrameworksBuildPhase section */
		35AAA02528C76161002A8E4A /* Frameworks */ = {
			isa = PBXFrameworksBuildPhase;
			buildActionMask = 2147483647;
			files = (
			);
			runOnlyForDeploymentPostprocessing = 0;
		};
/* End PBXFrameworksBuildPhase section */

/* Begin PBXGroup section */
		35AAA01F28C76161002A8E4A = {
			isa = PBXGroup;
			children = (
				35AAA02A28C76161002A8E4A /* MagicTaskManager */,
				35AAA02928C76161002A8E4A /* Products */,
			);
			sourceTree = "<group>";
		};
		35AAA02928C76161002A8E4A /* Products */ = {
			isa = PBXGroup;
			children = (
				35AAA02828C76161002A8E4A /* MagicTaskManager.app */,
			);
			name = Products;
			sourceTree = "<group>";
		};
		35AAA02A28C76161002A8E4A /* MagicTaskManager */ = {
			isa = PBXGroup;
			children = (
				35AAA04328C76786002A8E4A /* Fonts */,
				35AAA04228C7677F002A8E4A /* Model */,
				35AAA02B28C76161002A8E4A /* AppDelegate.swift */,
				35AAA05428C76E64002A8E4A /* TodoViewController.swift */,
				35AAA05628C76E89002A8E4A /* PersonSettingSwiftUIView.swift */,
				35AAA05228C76E4E002A8E4A /* NotesTableViewController.swift */,
				35AAA02D28C76161002A8E4A /* SceneDelegate.swift */,
				35AAA02F28C76161002A8E4A /* ViewController.swift */,
				35AAA05028C76D59002A8E4A /* MainTabBarController.swift */,
				35AAA03728C76162002A8E4A /* Assets.xcassets */,
				35AAA03928C76162002A8E4A /* LaunchScreen.storyboard */,
				35AAA03C28C76162002A8E4A /* Info.plist */,
				35AAA03428C76161002A8E4A /* MagicTaskManager.xcdatamodeld */,
			);
			path = MagicTaskManager;
			sourceTree = "<group>";
		};
		35AAA04228C7677F002A8E4A /* Model */ = {
			isa = PBXGroup;
			children = (
			);
			path = Model;
			sourceTree = "<group>";
		};
		35AAA04328C76786002A8E4A /* Fonts */ = {
			isa = PBXGroup;
			children = (
				35AAA04428C76937002A8E4A /* Montserrat-Bold.ttf */,
				35AAA04728C76937002A8E4A /* Montserrat-ExtraBold.ttf */,
				35AAA04928C76937002A8E4A /* Montserrat-Light.ttf */,
				35AAA04528C76937002A8E4A /* Montserrat-Medium.ttf */,
				35AAA04628C76937002A8E4A /* Montserrat-Regular.ttf */,
				35AAA04828C76937002A8E4A /* Montserrat-SemiBold.ttf */,
			);
			path = Fonts;
			sourceTree = "<group>";
		};
/* End PBXGroup section */

/* Begin PBXNativeTarget section */
		35AAA02728C76161002A8E4A /* MagicTaskManager */ = {
			isa = PBXNativeTarget;
			buildConfigurationList = 35AAA03F28C76162002A8E4A /* Build configuration list for PBXNativeTarget "MagicTaskManager" */;
			buildPhases = (
				35AAA02428C76161002A8E4A /* Sources */,
				35AAA02528C76161002A8E4A /* Frameworks */,
				35AAA02628C76161002A8E4A /* Resources */,
			);
			buildRules = (
			);
			dependencies = (
			);
			name = MagicTaskManager;
			productName = MagicTaskManager;
			productReference = 35AAA02828C76161002A8E4A /* MagicTaskManager.app */;
			productType = "com.apple.product-type.application";
		};
/* End PBXNativeTarget section */

/* Begin PBXProject section */
		35AAA02028C76161002A8E4A /* Project object */ = {
			isa = PBXProject;
			attributes = {
				BuildIndependentTargetsInParallel = 1;
				LastSwiftUpdateCheck = 1340;
				LastUpgradeCheck = 1340;
				TargetAttributes = {
					35AAA02728C76161002A8E4A = {
						CreatedOnToolsVersion = 13.4.1;
					};
				};
			};
			buildConfigurationList = 35AAA02328C76161002A8E4A /* Build configuration list for PBXProject "MagicTaskManager" */;
			compatibilityVersion = "Xcode 13.0";
			developmentRegion = en;
			hasScannedForEncodings = 0;
			knownRegions = (
				en,
				Base,
			);
			mainGroup = 35AAA01F28C76161002A8E4A;
			productRefGroup = 35AAA02928C76161002A8E4A /* Products */;
			projectDirPath = "";
			projectRoot = "";
			targets = (
				35AAA02728C76161002A8E4A /* MagicTaskManager */,
			);
		};
/* End PBXProject section */

/* Begin PBXResourcesBuildPhase section */
		35AAA02628C76161002A8E4A /* Resources */ = {
			isa = PBXResourcesBuildPhase;
			buildActionMask = 2147483647;
			files = (
				35AAA03B28C76162002A8E4A /* LaunchScreen.storyboard in Resources */,
				35AAA04D28C76937002A8E4A /* Montserrat-ExtraBold.ttf in Resources */,
				35AAA03828C76162002A8E4A /* Assets.xcassets in Resources */,
				35AAA04E28C76937002A8E4A /* Montserrat-SemiBold.ttf in Resources */,
				35AAA04F28C76937002A8E4A /* Montserrat-Light.ttf in Resources */,
				35AAA04B28C76937002A8E4A /* Montserrat-Medium.ttf in Resources */,
				35AAA04C28C76937002A8E4A /* Montserrat-Regular.ttf in Resources */,
				35AAA04A28C76937002A8E4A /* Montserrat-Bold.ttf in Resources */,
			);
			runOnlyForDeploymentPostprocessing = 0;
		};
/* End PBXResourcesBuildPhase section */

/* Begin PBXSourcesBuildPhase section */
		35AAA02428C76161002A8E4A /* Sources */ = {
			isa = PBXSourcesBuildPhase;
			buildActionMask = 2147483647;
			files = (
				35AAA03628C76161002A8E4A /* MagicTaskManager.xcdatamodeld in Sources */,
				35AAA03028C76161002A8E4A /* ViewController.swift in Sources */,
				35AAA05528C76E64002A8E4A /* TodoViewController.swift in Sources */,
				35AAA05128C76D59002A8E4A /* MainTabBarController.swift in Sources */,
				35AAA05728C76E89002A8E4A /* PersonSettingSwiftUIView.swift in Sources */,
				35AAA02C28C76161002A8E4A /* AppDelegate.swift in Sources */,
				35AAA02E28C76161002A8E4A /* SceneDelegate.swift in Sources */,
				35AAA05328C76E4E002A8E4A /* NotesTableViewController.swift in Sources */,
			);
			runOnlyForDeploymentPostprocessing = 0;
		};
/* End PBXSourcesBuildPhase section */

/* Begin PBXVariantGroup section */
		35AAA03928C76162002A8E4A /* LaunchScreen.storyboard */ = {
			isa = PBXVariantGroup;
			children = (
				35AAA03A28C76162002A8E4A /* Base */,
			);
			name = LaunchScreen.storyboard;
			sourceTree = "<group>";
		};
/* End PBXVariantGroup section */

/* Begin XCBuildConfiguration section */
		35AAA03D28C76162002A8E4A /* Debug */ = {
			isa = XCBuildConfiguration;
			buildSettings = {
				ALWAYS_SEARCH_USER_PATHS = NO;
				CLANG_ANALYZER_NONNULL = YES;
				CLANG_ANALYZER_NUMBER_OBJECT_CONVERSION = YES_AGGRESSIVE;
				CLANG_CXX_LANGUAGE_STANDARD = "gnu++17";
				CLANG_ENABLE_MODULES = YES;
				CLANG_ENABLE_OBJC_ARC = YES;
				CLANG_ENABLE_OBJC_WEAK = YES;
				CLANG_WARN_BLOCK_CAPTURE_AUTORELEASING = YES;
				CLANG_WARN_BOOL_CONVERSION = YES;
				CLANG_WARN_COMMA = YES;
				CLANG_WARN_CONSTANT_CONVERSION = YES;
				CLANG_WARN_DEPRECATED_OBJC_IMPLEMENTATIONS = YES;
				CLANG_WARN_DIRECT_OBJC_ISA_USAGE = YES_ERROR;
				CLANG_WARN_DOCUMENTATION_COMMENTS = YES;
				CLANG_WARN_EMPTY_BODY = YES;
				CLANG_WARN_ENUM_CONVERSION = YES;
				CLANG_WARN_INFINITE_RECURSION = YES;
				CLANG_WARN_INT_CONVERSION = YES;
				CLANG_WARN_NON_LITERAL_NULL_CONVERSION = YES;
				CLANG_WARN_OBJC_IMPLICIT_RETAIN_SELF = YES;
				CLANG_WARN_OBJC_LITERAL_CONVERSION = YES;
				CLANG_WARN_OBJC_ROOT_CLASS = YES_ERROR;
				CLANG_WARN_QUOTED_INCLUDE_IN_FRAMEWORK_HEADER = YES;
				CLANG_WARN_RANGE_LOOP_ANALYSIS = YES;
				CLANG_WARN_STRICT_PROTOTYPES = YES;
				CLANG_WARN_SUSPICIOUS_MOVE = YES;
				CLANG_WARN_UNGUARDED_AVAILABILITY = YES_AGGRESSIVE;
				CLANG_WARN_UNREACHABLE_CODE = YES;
				CLANG_WARN__DUPLICATE_METHOD_MATCH = YES;
				COPY_PHASE_STRIP = NO;
				DEBUG_INFORMATION_FORMAT = dwarf;
				ENABLE_STRICT_OBJC_MSGSEND = YES;
				ENABLE_TESTABILITY = YES;
				GCC_C_LANGUAGE_STANDARD = gnu11;
				GCC_DYNAMIC_NO_PIC = NO;
				GCC_NO_COMMON_BLOCKS = YES;
				GCC_OPTIMIZATION_LEVEL = 0;
				GCC_PREPROCESSOR_DEFINITIONS = (
					"DEBUG=1",
					"$(inherited)",
				);
				GCC_WARN_64_TO_32_BIT_CONVERSION = YES;
				GCC_WARN_ABOUT_RETURN_TYPE = YES_ERROR;
				GCC_WARN_UNDECLARED_SELECTOR = YES;
				GCC_WARN_UNINITIALIZED_AUTOS = YES_AGGRESSIVE;
				GCC_WARN_UNUSED_FUNCTION = YES;
				GCC_WARN_UNUSED_VARIABLE = YES;
				IPHONEOS_DEPLOYMENT_TARGET = 15.5;
				MTL_ENABLE_DEBUG_INFO = INCLUDE_SOURCE;
				MTL_FAST_MATH = YES;
				ONLY_ACTIVE_ARCH = YES;
				SDKROOT = iphoneos;
				SWIFT_ACTIVE_COMPILATION_CONDITIONS = DEBUG;
				SWIFT_OPTIMIZATION_LEVEL = "-Onone";
			};
			name = Debug;
		};
		35AAA03E28C76162002A8E4A /* Release */ = {
			isa = XCBuildConfiguration;
			buildSettings = {
				ALWAYS_SEARCH_USER_PATHS = NO;
				CLANG_ANALYZER_NONNULL = YES;
				CLANG_ANALYZER_NUMBER_OBJECT_CONVERSION = YES_AGGRESSIVE;
				CLANG_CXX_LANGUAGE_STANDARD = "gnu++17";
				CLANG_ENABLE_MODULES = YES;
				CLANG_ENABLE_OBJC_ARC = YES;
				CLANG_ENABLE_OBJC_WEAK = YES;
				CLANG_WARN_BLOCK_CAPTURE_AUTORELEASING = YES;
				CLANG_WARN_BOOL_CONVERSION = YES;
				CLANG_WARN_COMMA = YES;
				CLANG_WARN_CONSTANT_CONVERSION = YES;
				CLANG_WARN_DEPRECATED_OBJC_IMPLEMENTATIONS = YES;
				CLANG_WARN_DIRECT_OBJC_ISA_USAGE = YES_ERROR;
				CLANG_WARN_DOCUMENTATION_COMMENTS = YES;
				CLANG_WARN_EMPTY_BODY = YES;
				CLANG_WARN_ENUM_CONVERSION = YES;
				CLANG_WARN_INFINITE_RECURSION = YES;
				CLANG_WARN_INT_CONVERSION = YES;
				CLANG_WARN_NON_LITERAL_NULL_CONVERSION = YES;
				CLANG_WARN_OBJC_IMPLICIT_RETAIN_SELF = YES;
				CLANG_WARN_OBJC_LITERAL_CONVERSION = YES;
				CLANG_WARN_OBJC_ROOT_CLASS = YES_ERROR;
				CLANG_WARN_QUOTED_INCLUDE_IN_FRAMEWORK_HEADER = YES;
				CLANG_WARN_RANGE_LOOP_ANALYSIS = YES;
				CLANG_WARN_STRICT_PROTOTYPES = YES;
				CLANG_WARN_SUSPICIOUS_MOVE = YES;
				CLANG_WARN_UNGUARDED_AVAILABILITY = YES_AGGRESSIVE;
				CLANG_WARN_UNREACHABLE_CODE = YES;
				CLANG_WARN__DUPLICATE_METHOD_MATCH = YES;
				COPY_PHASE_STRIP = NO;
				DEBUG_INFORMATION_FORMAT = "dwarf-with-dsym";
				ENABLE_NS_ASSERTIONS = NO;
				ENABLE_STRICT_OBJC_MSGSEND = YES;
				GCC_C_LANGUAGE_STANDARD = gnu11;
				GCC_NO_COMMON_BLOCKS = YES;
				GCC_WARN_64_TO_32_BIT_CONVERSION = YES;
				GCC_WARN_ABOUT_RETURN_TYPE = YES_ERROR;
				GCC_WARN_UNDECLARED_SELECTOR = YES;
				GCC_WARN_UNINITIALIZED_AUTOS = YES_AGGRESSIVE;
				GCC_WARN_UNUSED_FUNCTION = YES;
				GCC_WARN_UNUSED_VARIABLE = YES;
				IPHONEOS_DEPLOYMENT_TARGET = 15.5;
				MTL_ENABLE_DEBUG_INFO = NO;
				MTL_FAST_MATH = YES;
				SDKROOT = iphoneos;
				SWIFT_COMPILATION_MODE = wholemodule;
				SWIFT_OPTIMIZATION_LEVEL = "-O";
				VALIDATE_PRODUCT = YES;
			};
			name = Release;
		};
		35AAA04028C76162002A8E4A /* Debug */ = {
			isa = XCBuildConfiguration;
			buildSettings = {
				ASSETCATALOG_COMPILER_APPICON_NAME = AppIcon;
				ASSETCATALOG_COMPILER_GLOBAL_ACCENT_COLOR_NAME = AccentColor;
				CODE_SIGN_STYLE = Automatic;
				CURRENT_PROJECT_VERSION = 1;
				DEVELOPMENT_TEAM = JVDQ9Y8FXL;
				GENERATE_INFOPLIST_FILE = YES;
				INFOPLIST_FILE = MagicTaskManager/Info.plist;
				INFOPLIST_KEY_UIApplicationSupportsIndirectInputEvents = YES;
				INFOPLIST_KEY_UILaunchStoryboardName = LaunchScreen;
				INFOPLIST_KEY_UISupportedInterfaceOrientations_iPad = "UIInterfaceOrientationPortrait UIInterfaceOrientationPortraitUpsideDown UIInterfaceOrientationLandscapeLeft UIInterfaceOrientationLandscapeRight";
				INFOPLIST_KEY_UISupportedInterfaceOrientations_iPhone = "UIInterfaceOrientationPortrait UIInterfaceOrientationLandscapeLeft UIInterfaceOrientationLandscapeRight";
				LD_RUNPATH_SEARCH_PATHS = (
					"$(inherited)",
					"@executable_path/Frameworks",
				);
				MARKETING_VERSION = 1.0;
				PRODUCT_BUNDLE_IDENTIFIER = pewpew.MagicTaskManager;
				PRODUCT_NAME = "$(TARGET_NAME)";
				SWIFT_EMIT_LOC_STRINGS = YES;
				SWIFT_VERSION = 5.0;
				TARGETED_DEVICE_FAMILY = "1,2";
			};
			name = Debug;
		};
		35AAA04128C76162002A8E4A /* Release */ = {
			isa = XCBuildConfiguration;
			buildSettings = {
				ASSETCATALOG_COMPILER_APPICON_NAME = AppIcon;
				ASSETCATALOG_COMPILER_GLOBAL_ACCENT_COLOR_NAME = AccentColor;
				CODE_SIGN_STYLE = Automatic;
				CURRENT_PROJECT_VERSION = 1;
				DEVELOPMENT_TEAM = JVDQ9Y8FXL;
				GENERATE_INFOPLIST_FILE = YES;
				INFOPLIST_FILE = MagicTaskManager/Info.plist;
				INFOPLIST_KEY_UIApplicationSupportsIndirectInputEvents = YES;
				INFOPLIST_KEY_UILaunchStoryboardName = LaunchScreen;
				INFOPLIST_KEY_UISupportedInterfaceOrientations_iPad = "UIInterfaceOrientationPortrait UIInterfaceOrientationPortraitUpsideDown UIInterfaceOrientationLandscapeLeft UIInterfaceOrientationLandscapeRight";
				INFOPLIST_KEY_UISupportedInterfaceOrientations_iPhone = "UIInterfaceOrientationPortrait UIInterfaceOrientationLandscapeLeft UIInterfaceOrientationLandscapeRight";
				LD_RUNPATH_SEARCH_PATHS = (
					"$(inherited)",
					"@executable_path/Frameworks",
				);
				MARKETING_VERSION = 1.0;
				PRODUCT_BUNDLE_IDENTIFIER = pewpew.MagicTaskManager;
				PRODUCT_NAME = "$(TARGET_NAME)";
				SWIFT_EMIT_LOC_STRINGS = YES;
				SWIFT_VERSION = 5.0;
				TARGETED_DEVICE_FAMILY = "1,2";
			};
			name = Release;
		};
/* End XCBuildConfiguration section */

/* Begin XCConfigurationList section */
		35AAA02328C76161002A8E4A /* Build configuration list for PBXProject "MagicTaskManager" */ = {
			isa = XCConfigurationList;
			buildConfigurations = (
				35AAA03D28C76162002A8E4A /* Debug */,
				35AAA03E28C76162002A8E4A /* Release */,
			);
			defaultConfigurationIsVisible = 0;
			defaultConfigurationName = Release;
		};
		35AAA03F28C76162002A8E4A /* Build configuration list for PBXNativeTarget "MagicTaskManager" */ = {
			isa = XCConfigurationList;
			buildConfigurations = (
				35AAA04028C76162002A8E4A /* Debug */,
				35AAA04128C76162002A8E4A /* Release */,
			);
			defaultConfigurationIsVisible = 0;
			defaultConfigurationName = Release;
		};
/* End XCConfigurationList section */

/* Begin XCVersionGroup section */
		35AAA03428C76161002A8E4A /* MagicTaskManager.xcdatamodeld */ = {
			isa = XCVersionGroup;
			children = (
				35AAA03528C76161002A8E4A /* MagicTaskManager.xcdatamodel */,
			);
			currentVersion = 35AAA03528C76161002A8E4A /* MagicTaskManager.xcdatamodel */;
			path = MagicTaskManager.xcdatamodeld;
			sourceTree = "<group>";
			versionGroupType = wrapper.xcdatamodel;
		};
/* End XCVersionGroup section */
	};
	rootObject = 35AAA02028C76161002A8E4A /* Project object */;
}
